
Microsoft Visual Studio Solution File, Format Version 12.00
# Visual Studio 15
VisualStudioVersion = 15.0.28307.489
MinimumVisualStudioVersion = 10.0.40219.1
Project("{FAE04EC0-301F-11D3-BF4B-00C04F79EFBC}") = "Console.SqLite", "Console.SqLite\Console.SqLite.csproj", "{8A9162A7-FCE5-4B95-B181-6C3A516598A6}"
EndProject
Project("{FAE04EC0-301F-11D3-BF4B-00C04F79EFBC}") = "IdentityUser", "IdentityUser\IdentityUser.csproj", "{9814DD3D-6F26-4743-A1D3-804CCB377201}"
EndProject
Project("{FAE04EC0-301F-11D3-BF4B-00C04F79EFBC}") = "IdentityAppUser", "IdentityAppUser\IdentityAppUser.csproj", "{E2B62596-7D8A-4CE9-8CBC-22266EA61E50}"
EndProject
Project("{FAE04EC0-301F-11D3-BF4B-00C04F79EFBC}") = "dentityUserSqLite", "dentityUserSqLite\dentityUserSqLite.csproj", "{D057F2B1-91CE-45BA-B235-E0EC7D79D258}"
EndProject
Global
	GlobalSection(SolutionConfigurationPlatforms) = preSolution
		Debug|Any CPU = Debug|Any CPU
		Release|Any CPU = Release|Any CPU
	EndGlobalSection
	GlobalSection(ProjectConfigurationPlatforms) = postSolution
		{8A9162A7-FCE5-4B95-B181-6C3A516598A6}.Debug|Any CPU.ActiveCfg = Debug|Any CPU
		{8A9162A7-FCE5-4B95-B181-6C3A516598A6}.Debug|Any CPU.Build.0 = Debug|Any CPU
		{8A9162A7-FCE5-4B95-B181-6C3A516598A6}.Release|Any CPU.ActiveCfg = Release|Any CPU
		{8A9162A7-FCE5-4B95-B181-6C3A516598A6}.Release|Any CPU.Build.0 = Release|Any CPU
		{9814DD3D-6F26-4743-A1D3-804CCB377201}.Debug|Any CPU.ActiveCfg = Debug|Any CPU
		{9814DD3D-6F26-4743-A1D3-804CCB377201}.Debug|Any CPU.Build.0 = Debug|Any CPU
		{9814DD3D-6F26-4743-A1D3-804CCB377201}.Release|Any CPU.ActiveCfg = Release|Any CPU
		{9814DD3D-6F26-4743-A1D3-804CCB377201}.Release|Any CPU.Build.0 = Release|Any CPU
		{E2B62596-7D8A-4CE9-8CBC-22266EA61E50}.Debug|Any CPU.ActiveCfg = Debug|Any CPU
		{E2B62596-7D8A-4CE9-8CBC-22266EA61E50}.Debug|Any CPU.Build.0 = Debug|Any CPU
		{E2B62596-7D8A-4CE9-8CBC-22266EA61E50}.Release|Any CPU.ActiveCfg = Release|Any CPU
		{E2B62596-7D8A-4CE9-8CBC-22266EA61E50}.Release|Any CPU.Build.0 = Release|Any CPU
		{D057F2B1-91CE-45BA-B235-E0EC7D79D258}.Debug|Any CPU.ActiveCfg = Debug|Any CPU
		{D057F2B1-91CE-45BA-B235-E0EC7D79D258}.Debug|Any CPU.Build.0 = Debug|Any CPU
		{D057F2B1-91CE-45BA-B235-E0EC7D79D258}.Release|Any CPU.ActiveCfg = Release|Any CPU
		{D057F2B1-91CE-45BA-B235-E0EC7D79D258}.Release|Any CPU.Build.0 = Release|Any CPU
	EndGlobalSection
	GlobalSection(SolutionProperties) = preSolution
		HideSolutionNode = FALSE
	EndGlobalSection
	GlobalSection(ExtensibilityGlobals) = postSolution
		SolutionGuid = {9D4D9B5D-AD15-43A4-9C93-FB647EC4F576}
	EndGlobalSection
EndGlobal
